
Microsoft Visual Studio Solution File, Format Version 12.00
# Visual Studio Version 16
VisualStudioVersion = 16.0.29613.14
MinimumVisualStudioVersion = 10.0.40219.1
Project("{FAE04EC0-301F-11D3-BF4B-00C04F79EFBC}") = "Network", "Subnet\Network.csproj", "{A8E5253E-9052-444B-B5B3-9AF5F2AF51A3}"
EndProject
Global
	GlobalSection(SolutionConfigurationPlatforms) = preSolution
		Debug|Any CPU = Debug|Any CPU
		Release|Any CPU = Release|Any CPU
	EndGlobalSection
	GlobalSection(ProjectConfigurationPlatforms) = postSolution
		{A8E5253E-9052-444B-B5B3-9AF5F2AF51A3}.Debug|Any CPU.ActiveCfg = Debug|Any CPU
		{A8E5253E-9052-444B-B5B3-9AF5F2AF51A3}.Debug|Any CPU.Build.0 = Debug|Any CPU
		{A8E5253E-9052-444B-B5B3-9AF5F2AF51A3}.Release|Any CPU.ActiveCfg = Release|Any CPU
		{A8E5253E-9052-444B-B5B3-9AF5F2AF51A3}.Release|Any CPU.Build.0 = Release|Any CPU
	EndGlobalSection
	GlobalSection(SolutionProperties) = preSolution
		HideSolutionNode = FALSE
	EndGlobalSection
	GlobalSection(ExtensibilityGlobals) = postSolution
		SolutionGuid = {CF4C5FF4-1749-4047-9F40-5DE31E996897}
	EndGlobalSection
EndGlobal
