
Microsoft Visual Studio Solution File, Format Version 12.00
# Visual Studio Version 16
VisualStudioVersion = 16.0.28729.10
MinimumVisualStudioVersion = 10.0.40219.1
Project("{9A19103F-16F7-4668-BE54-9A1E7A4F7556}") = "NerdGitVersioningConsole", "NerdGitVersioningConsole\NerdGitVersioningConsole.csproj", "{5C6E5650-92A3-4BA3-B41B-F6CB72F90267}"
EndProject
Project("{FAE04EC0-301F-11D3-BF4B-00C04F79EFBC}") = "GitInfoConsole", "GitInfoConsole\GitInfoConsole.csproj", "{C3CB320D-B992-4A65-A260-7F2E3CDAEE9C}"
EndProject
Global
	GlobalSection(SolutionConfigurationPlatforms) = preSolution
		Debug|Any CPU = Debug|Any CPU
		Release|Any CPU = Release|Any CPU
	EndGlobalSection
	GlobalSection(ProjectConfigurationPlatforms) = postSolution
		{5C6E5650-92A3-4BA3-B41B-F6CB72F90267}.Debug|Any CPU.ActiveCfg = Debug|Any CPU
		{5C6E5650-92A3-4BA3-B41B-F6CB72F90267}.Debug|Any CPU.Build.0 = Debug|Any CPU
		{5C6E5650-92A3-4BA3-B41B-F6CB72F90267}.Release|Any CPU.ActiveCfg = Release|Any CPU
		{5C6E5650-92A3-4BA3-B41B-F6CB72F90267}.Release|Any CPU.Build.0 = Release|Any CPU
		{C3CB320D-B992-4A65-A260-7F2E3CDAEE9C}.Debug|Any CPU.ActiveCfg = Debug|Any CPU
		{C3CB320D-B992-4A65-A260-7F2E3CDAEE9C}.Debug|Any CPU.Build.0 = Debug|Any CPU
		{C3CB320D-B992-4A65-A260-7F2E3CDAEE9C}.Release|Any CPU.ActiveCfg = Release|Any CPU
		{C3CB320D-B992-4A65-A260-7F2E3CDAEE9C}.Release|Any CPU.Build.0 = Release|Any CPU
	EndGlobalSection
	GlobalSection(SolutionProperties) = preSolution
		HideSolutionNode = FALSE
	EndGlobalSection
	GlobalSection(ExtensibilityGlobals) = postSolution
		SolutionGuid = {83FAFAA9-6172-4B8B-8200-6D2A3FB680A4}
	EndGlobalSection
EndGlobal
