
Microsoft Visual Studio Solution File, Format Version 12.00
# Visual Studio Version 16
VisualStudioVersion = 16.0.28729.10
MinimumVisualStudioVersion = 10.0.40219.1
Project("{9A19103F-16F7-4668-BE54-9A1E7A4F7556}") = "AwsSecretStoreConsole", "AwsSecretStoreConsole\AwsSecretStoreConsole.csproj", "{000DDA3F-AA9F-4194-9B14-DFFD6E95FEE7}"
EndProject
Project("{FAE04EC0-301F-11D3-BF4B-00C04F79EFBC}") = "AwsSecretStoreAspNetCore", "AwsSecretStoreAspNetCore\AwsSecretStoreAspNetCore.csproj", "{55C38E0D-9E0B-412D-B05E-9D6B4ABD6C4B}"
EndProject
Global
	GlobalSection(SolutionConfigurationPlatforms) = preSolution
		Debug|Any CPU = Debug|Any CPU
		Release|Any CPU = Release|Any CPU
	EndGlobalSection
	GlobalSection(ProjectConfigurationPlatforms) = postSolution
		{000DDA3F-AA9F-4194-9B14-DFFD6E95FEE7}.Debug|Any CPU.ActiveCfg = Debug|Any CPU
		{000DDA3F-AA9F-4194-9B14-DFFD6E95FEE7}.Debug|Any CPU.Build.0 = Debug|Any CPU
		{000DDA3F-AA9F-4194-9B14-DFFD6E95FEE7}.Release|Any CPU.ActiveCfg = Release|Any CPU
		{000DDA3F-AA9F-4194-9B14-DFFD6E95FEE7}.Release|Any CPU.Build.0 = Release|Any CPU
		{55C38E0D-9E0B-412D-B05E-9D6B4ABD6C4B}.Debug|Any CPU.ActiveCfg = Debug|Any CPU
		{55C38E0D-9E0B-412D-B05E-9D6B4ABD6C4B}.Debug|Any CPU.Build.0 = Debug|Any CPU
		{55C38E0D-9E0B-412D-B05E-9D6B4ABD6C4B}.Release|Any CPU.ActiveCfg = Release|Any CPU
		{55C38E0D-9E0B-412D-B05E-9D6B4ABD6C4B}.Release|Any CPU.Build.0 = Release|Any CPU
	EndGlobalSection
	GlobalSection(SolutionProperties) = preSolution
		HideSolutionNode = FALSE
	EndGlobalSection
	GlobalSection(ExtensibilityGlobals) = postSolution
		SolutionGuid = {CC415BA9-9E4E-4B4F-ACF2-45B3A87967BB}
	EndGlobalSection
EndGlobal
