
Microsoft Visual Studio Solution File, Format Version 12.00
# Visual Studio Version 16
VisualStudioVersion = 16.0.30104.148
MinimumVisualStudioVersion = 10.0.40219.1
Project("{FAE04EC0-301F-11D3-BF4B-00C04F79EFBC}") = "OidcCert", "OidcCert\OidcCert.csproj", "{0E558C30-3705-404E-859E-FE3F76D7C362}"
EndProject
Global
	GlobalSection(SolutionConfigurationPlatforms) = preSolution
		Debug|Any CPU = Debug|Any CPU
		Release|Any CPU = Release|Any CPU
	EndGlobalSection
	GlobalSection(ProjectConfigurationPlatforms) = postSolution
		{0E558C30-3705-404E-859E-FE3F76D7C362}.Debug|Any CPU.ActiveCfg = Debug|Any CPU
		{0E558C30-3705-404E-859E-FE3F76D7C362}.Debug|Any CPU.Build.0 = Debug|Any CPU
		{0E558C30-3705-404E-859E-FE3F76D7C362}.Release|Any CPU.ActiveCfg = Release|Any CPU
		{0E558C30-3705-404E-859E-FE3F76D7C362}.Release|Any CPU.Build.0 = Release|Any CPU
	EndGlobalSection
	GlobalSection(SolutionProperties) = preSolution
		HideSolutionNode = FALSE
	EndGlobalSection
	GlobalSection(ExtensibilityGlobals) = postSolution
		SolutionGuid = {D489CD3E-2F61-4DDD-822E-640A790C5EE6}
	EndGlobalSection
EndGlobal
