
Microsoft Visual Studio Solution File, Format Version 12.00
# Visual Studio Version 16
VisualStudioVersion = 16.0.29102.190
MinimumVisualStudioVersion = 10.0.40219.1
Project("{FAE04EC0-301F-11D3-BF4B-00C04F79EFBC}") = "SearchRobotsPrevention", "SearchRobotsPrevention\SearchRobotsPrevention.csproj", "{0169B3BB-2A88-4F1B-9E23-0168EB05C81B}"
EndProject
Global
	GlobalSection(SolutionConfigurationPlatforms) = preSolution
		Debug|Any CPU = Debug|Any CPU
		Release|Any CPU = Release|Any CPU
	EndGlobalSection
	GlobalSection(ProjectConfigurationPlatforms) = postSolution
		{0169B3BB-2A88-4F1B-9E23-0168EB05C81B}.Debug|Any CPU.ActiveCfg = Debug|Any CPU
		{0169B3BB-2A88-4F1B-9E23-0168EB05C81B}.Debug|Any CPU.Build.0 = Debug|Any CPU
		{0169B3BB-2A88-4F1B-9E23-0168EB05C81B}.Release|Any CPU.ActiveCfg = Release|Any CPU
		{0169B3BB-2A88-4F1B-9E23-0168EB05C81B}.Release|Any CPU.Build.0 = Release|Any CPU
	EndGlobalSection
	GlobalSection(SolutionProperties) = preSolution
		HideSolutionNode = FALSE
	EndGlobalSection
	GlobalSection(ExtensibilityGlobals) = postSolution
		SolutionGuid = {E43DEDB8-3E8C-485C-95D3-D24F4A4BA24D}
	EndGlobalSection
EndGlobal
