
Microsoft Visual Studio Solution File, Format Version 12.00
# Visual Studio Version 16
VisualStudioVersion = 16.0.29613.14
MinimumVisualStudioVersion = 10.0.40219.1
Project("{FAE04EC0-301F-11D3-BF4B-00C04F79EFBC}") = "NamedPipeProcess", "NamedPipeProcess\NamedPipeProcess.csproj", "{792D447A-FCEB-4D9A-818A-A7D710C74B2B}"
EndProject
Project("{9A19103F-16F7-4668-BE54-9A1E7A4F7556}") = "DiagnosticCore", "DiagnosticCore\DiagnosticCore.csproj", "{1DC8F9A8-97F3-4AD4-A309-AC2CEA6F8E86}"
EndProject
Global
	GlobalSection(SolutionConfigurationPlatforms) = preSolution
		Debug|Any CPU = Debug|Any CPU
		Release|Any CPU = Release|Any CPU
	EndGlobalSection
	GlobalSection(ProjectConfigurationPlatforms) = postSolution
		{792D447A-FCEB-4D9A-818A-A7D710C74B2B}.Debug|Any CPU.ActiveCfg = Debug|Any CPU
		{792D447A-FCEB-4D9A-818A-A7D710C74B2B}.Debug|Any CPU.Build.0 = Debug|Any CPU
		{792D447A-FCEB-4D9A-818A-A7D710C74B2B}.Release|Any CPU.ActiveCfg = Release|Any CPU
		{792D447A-FCEB-4D9A-818A-A7D710C74B2B}.Release|Any CPU.Build.0 = Release|Any CPU
		{1DC8F9A8-97F3-4AD4-A309-AC2CEA6F8E86}.Debug|Any CPU.ActiveCfg = Debug|Any CPU
		{1DC8F9A8-97F3-4AD4-A309-AC2CEA6F8E86}.Debug|Any CPU.Build.0 = Debug|Any CPU
		{1DC8F9A8-97F3-4AD4-A309-AC2CEA6F8E86}.Release|Any CPU.ActiveCfg = Release|Any CPU
		{1DC8F9A8-97F3-4AD4-A309-AC2CEA6F8E86}.Release|Any CPU.Build.0 = Release|Any CPU
	EndGlobalSection
	GlobalSection(SolutionProperties) = preSolution
		HideSolutionNode = FALSE
	EndGlobalSection
	GlobalSection(ExtensibilityGlobals) = postSolution
		SolutionGuid = {2A162AE3-DA91-4D90-8A82-104F673FCD34}
	EndGlobalSection
EndGlobal
