
Microsoft Visual Studio Solution File, Format Version 12.00
# Visual Studio Version 16
VisualStudioVersion = 16.0.28917.181
MinimumVisualStudioVersion = 10.0.40219.1
Project("{FAE04EC0-301F-11D3-BF4B-00C04F79EFBC}") = "SourceLinktest", "SourceLinktest\SourceLinktest.csproj", "{718C7884-03B4-4FFD-8252-FF4DA50FC94C}"
EndProject
Global
	GlobalSection(SolutionConfigurationPlatforms) = preSolution
		Debug|Any CPU = Debug|Any CPU
		Release|Any CPU = Release|Any CPU
	EndGlobalSection
	GlobalSection(ProjectConfigurationPlatforms) = postSolution
		{718C7884-03B4-4FFD-8252-FF4DA50FC94C}.Debug|Any CPU.ActiveCfg = Debug|Any CPU
		{718C7884-03B4-4FFD-8252-FF4DA50FC94C}.Debug|Any CPU.Build.0 = Debug|Any CPU
		{718C7884-03B4-4FFD-8252-FF4DA50FC94C}.Release|Any CPU.ActiveCfg = Release|Any CPU
		{718C7884-03B4-4FFD-8252-FF4DA50FC94C}.Release|Any CPU.Build.0 = Release|Any CPU
	EndGlobalSection
	GlobalSection(SolutionProperties) = preSolution
		HideSolutionNode = FALSE
	EndGlobalSection
	GlobalSection(ExtensibilityGlobals) = postSolution
		SolutionGuid = {3A2BC92C-EB42-47E7-A019-50A4EE9206AA}
	EndGlobalSection
EndGlobal
