
Microsoft Visual Studio Solution File, Format Version 12.00
# Visual Studio Version 16
VisualStudioVersion = 16.0.29709.97
MinimumVisualStudioVersion = 10.0.40219.1
Project("{FAE04EC0-301F-11D3-BF4B-00C04F79EFBC}") = "JsonStreamLoggerSample", "JsonStreamLoggerSample\JsonStreamLoggerSample.csproj", "{3FAD47A1-4459-4249-80BB-B7579D8822B7}"
EndProject
Global
	GlobalSection(SolutionConfigurationPlatforms) = preSolution
		Debug|Any CPU = Debug|Any CPU
		Release|Any CPU = Release|Any CPU
	EndGlobalSection
	GlobalSection(ProjectConfigurationPlatforms) = postSolution
		{3FAD47A1-4459-4249-80BB-B7579D8822B7}.Debug|Any CPU.ActiveCfg = Debug|Any CPU
		{3FAD47A1-4459-4249-80BB-B7579D8822B7}.Debug|Any CPU.Build.0 = Debug|Any CPU
		{3FAD47A1-4459-4249-80BB-B7579D8822B7}.Release|Any CPU.ActiveCfg = Release|Any CPU
		{3FAD47A1-4459-4249-80BB-B7579D8822B7}.Release|Any CPU.Build.0 = Release|Any CPU
	EndGlobalSection
	GlobalSection(SolutionProperties) = preSolution
		HideSolutionNode = FALSE
	EndGlobalSection
	GlobalSection(ExtensibilityGlobals) = postSolution
		SolutionGuid = {8F08642A-AB1F-41D6-BA50-80D0874237D1}
	EndGlobalSection
EndGlobal
