
Microsoft Visual Studio Solution File, Format Version 12.00
# Visual Studio Version 16
VisualStudioVersion = 16.0.28922.388
MinimumVisualStudioVersion = 10.0.40219.1
Project("{9A19103F-16F7-4668-BE54-9A1E7A4F7556}") = "ServerSentEventController", "ServerSentEventController\ServerSentEventController.csproj", "{15B8B116-E7B3-46D3-9E97-77E91C63899F}"
EndProject
Project("{9A19103F-16F7-4668-BE54-9A1E7A4F7556}") = "ServerSentEventMiddleware", "ServerSentEventMiddleware\ServerSentEventMiddleware.csproj", "{C638830D-1D56-4980-8311-20FD28BCDAFB}"
EndProject
Project("{9A19103F-16F7-4668-BE54-9A1E7A4F7556}") = "ServerSentEventControllerSpecificEvent", "ServerSentEventControllerSpecificEvent\ServerSentEventControllerSpecificEvent.csproj", "{296B612E-E4EF-4C06-8DC0-6AEDA3BF55DA}"
EndProject
Global
	GlobalSection(SolutionConfigurationPlatforms) = preSolution
		Debug|Any CPU = Debug|Any CPU
		Release|Any CPU = Release|Any CPU
	EndGlobalSection
	GlobalSection(ProjectConfigurationPlatforms) = postSolution
		{15B8B116-E7B3-46D3-9E97-77E91C63899F}.Debug|Any CPU.ActiveCfg = Debug|Any CPU
		{15B8B116-E7B3-46D3-9E97-77E91C63899F}.Debug|Any CPU.Build.0 = Debug|Any CPU
		{15B8B116-E7B3-46D3-9E97-77E91C63899F}.Release|Any CPU.ActiveCfg = Release|Any CPU
		{15B8B116-E7B3-46D3-9E97-77E91C63899F}.Release|Any CPU.Build.0 = Release|Any CPU
		{C638830D-1D56-4980-8311-20FD28BCDAFB}.Debug|Any CPU.ActiveCfg = Debug|Any CPU
		{C638830D-1D56-4980-8311-20FD28BCDAFB}.Debug|Any CPU.Build.0 = Debug|Any CPU
		{C638830D-1D56-4980-8311-20FD28BCDAFB}.Release|Any CPU.ActiveCfg = Release|Any CPU
		{C638830D-1D56-4980-8311-20FD28BCDAFB}.Release|Any CPU.Build.0 = Release|Any CPU
		{296B612E-E4EF-4C06-8DC0-6AEDA3BF55DA}.Debug|Any CPU.ActiveCfg = Debug|Any CPU
		{296B612E-E4EF-4C06-8DC0-6AEDA3BF55DA}.Debug|Any CPU.Build.0 = Debug|Any CPU
		{296B612E-E4EF-4C06-8DC0-6AEDA3BF55DA}.Release|Any CPU.ActiveCfg = Release|Any CPU
		{296B612E-E4EF-4C06-8DC0-6AEDA3BF55DA}.Release|Any CPU.Build.0 = Release|Any CPU
	EndGlobalSection
	GlobalSection(SolutionProperties) = preSolution
		HideSolutionNode = FALSE
	EndGlobalSection
	GlobalSection(ExtensibilityGlobals) = postSolution
		SolutionGuid = {7946109D-ED77-4103-B8A7-7D980B760864}
	EndGlobalSection
EndGlobal
