
Microsoft Visual Studio Solution File, Format Version 12.00
# Visual Studio Version 16
VisualStudioVersion = 16.0.29102.190
MinimumVisualStudioVersion = 10.0.40219.1
Project("{FAE04EC0-301F-11D3-BF4B-00C04F79EFBC}") = "GetDerivedTypes", "GetDerivedTypes\GetDerivedTypes.csproj", "{5F549378-8F43-433F-9C71-F261CE9DFF0D}"
EndProject
Global
	GlobalSection(SolutionConfigurationPlatforms) = preSolution
		Debug|Any CPU = Debug|Any CPU
		Release|Any CPU = Release|Any CPU
	EndGlobalSection
	GlobalSection(ProjectConfigurationPlatforms) = postSolution
		{5F549378-8F43-433F-9C71-F261CE9DFF0D}.Debug|Any CPU.ActiveCfg = Debug|Any CPU
		{5F549378-8F43-433F-9C71-F261CE9DFF0D}.Debug|Any CPU.Build.0 = Debug|Any CPU
		{5F549378-8F43-433F-9C71-F261CE9DFF0D}.Release|Any CPU.ActiveCfg = Release|Any CPU
		{5F549378-8F43-433F-9C71-F261CE9DFF0D}.Release|Any CPU.Build.0 = Release|Any CPU
	EndGlobalSection
	GlobalSection(SolutionProperties) = preSolution
		HideSolutionNode = FALSE
	EndGlobalSection
	GlobalSection(ExtensibilityGlobals) = postSolution
		SolutionGuid = {36600C35-4AC6-4841-88AF-D4642E71D427}
	EndGlobalSection
EndGlobal
