
Microsoft Visual Studio Solution File, Format Version 12.00
# Visual Studio Version 16
VisualStudioVersion = 16.0.29709.97
MinimumVisualStudioVersion = 10.0.40219.1
Project("{FAE04EC0-301F-11D3-BF4B-00C04F79EFBC}") = "HostedServiceAsConsole", "HostedServiceAsConsole\HostedServiceAsConsole.csproj", "{11AA1510-29D9-44F4-ADC3-DFA6FF8D6EB1}"
EndProject
Project("{FAE04EC0-301F-11D3-BF4B-00C04F79EFBC}") = "HostedServiceWebApplication", "HostedServiceWebApplication\HostedServiceWebApplication.csproj", "{B5DDFE39-2CE3-41C0-A9BC-7B3E5E714BED}"
EndProject
Global
	GlobalSection(SolutionConfigurationPlatforms) = preSolution
		Debug|Any CPU = Debug|Any CPU
		Release|Any CPU = Release|Any CPU
	EndGlobalSection
	GlobalSection(ProjectConfigurationPlatforms) = postSolution
		{11AA1510-29D9-44F4-ADC3-DFA6FF8D6EB1}.Debug|Any CPU.ActiveCfg = Debug|Any CPU
		{11AA1510-29D9-44F4-ADC3-DFA6FF8D6EB1}.Debug|Any CPU.Build.0 = Debug|Any CPU
		{11AA1510-29D9-44F4-ADC3-DFA6FF8D6EB1}.Release|Any CPU.ActiveCfg = Release|Any CPU
		{11AA1510-29D9-44F4-ADC3-DFA6FF8D6EB1}.Release|Any CPU.Build.0 = Release|Any CPU
		{B5DDFE39-2CE3-41C0-A9BC-7B3E5E714BED}.Debug|Any CPU.ActiveCfg = Debug|Any CPU
		{B5DDFE39-2CE3-41C0-A9BC-7B3E5E714BED}.Debug|Any CPU.Build.0 = Debug|Any CPU
		{B5DDFE39-2CE3-41C0-A9BC-7B3E5E714BED}.Release|Any CPU.ActiveCfg = Release|Any CPU
		{B5DDFE39-2CE3-41C0-A9BC-7B3E5E714BED}.Release|Any CPU.Build.0 = Release|Any CPU
	EndGlobalSection
	GlobalSection(SolutionProperties) = preSolution
		HideSolutionNode = FALSE
	EndGlobalSection
	GlobalSection(ExtensibilityGlobals) = postSolution
		SolutionGuid = {D686B339-42E0-4215-AAC5-1A8664211708}
	EndGlobalSection
EndGlobal
