
Microsoft Visual Studio Solution File, Format Version 12.00
# Visual Studio Version 16
VisualStudioVersion = 16.0.28917.181
MinimumVisualStudioVersion = 10.0.40219.1
Project("{9A19103F-16F7-4668-BE54-9A1E7A4F7556}") = "WebApplicationEF", "WebApplicationEF\WebApplicationEF.csproj", "{28167359-3AB9-446B-AAB5-59D7EFFEF4BD}"
EndProject
Project("{00D1A9C2-B5F0-4AF3-8072-F6C62B433612}") = "DatabaseEF", "DatabaseEF\DatabaseEF.sqlproj", "{AAC12ABA-9F16-4396-A7E0-A17A6EFC332A}"
EndProject
Global
	GlobalSection(SolutionConfigurationPlatforms) = preSolution
		Debug|Any CPU = Debug|Any CPU
		Release|Any CPU = Release|Any CPU
	EndGlobalSection
	GlobalSection(ProjectConfigurationPlatforms) = postSolution
		{28167359-3AB9-446B-AAB5-59D7EFFEF4BD}.Debug|Any CPU.ActiveCfg = Debug|Any CPU
		{28167359-3AB9-446B-AAB5-59D7EFFEF4BD}.Debug|Any CPU.Build.0 = Debug|Any CPU
		{28167359-3AB9-446B-AAB5-59D7EFFEF4BD}.Release|Any CPU.ActiveCfg = Release|Any CPU
		{28167359-3AB9-446B-AAB5-59D7EFFEF4BD}.Release|Any CPU.Build.0 = Release|Any CPU
		{AAC12ABA-9F16-4396-A7E0-A17A6EFC332A}.Debug|Any CPU.ActiveCfg = Debug|Any CPU
		{AAC12ABA-9F16-4396-A7E0-A17A6EFC332A}.Debug|Any CPU.Build.0 = Debug|Any CPU
		{AAC12ABA-9F16-4396-A7E0-A17A6EFC332A}.Debug|Any CPU.Deploy.0 = Debug|Any CPU
		{AAC12ABA-9F16-4396-A7E0-A17A6EFC332A}.Release|Any CPU.ActiveCfg = Release|Any CPU
		{AAC12ABA-9F16-4396-A7E0-A17A6EFC332A}.Release|Any CPU.Build.0 = Release|Any CPU
		{AAC12ABA-9F16-4396-A7E0-A17A6EFC332A}.Release|Any CPU.Deploy.0 = Release|Any CPU
	EndGlobalSection
	GlobalSection(SolutionProperties) = preSolution
		HideSolutionNode = FALSE
	EndGlobalSection
	GlobalSection(ExtensibilityGlobals) = postSolution
		SolutionGuid = {3A546FD0-64AC-4AC5-B575-49873878E239}
	EndGlobalSection
EndGlobal
