
Microsoft Visual Studio Solution File, Format Version 12.00
# Visual Studio Version 16
VisualStudioVersion = 16.0.30104.148
MinimumVisualStudioVersion = 10.0.40219.1
Project("{FAE04EC0-301F-11D3-BF4B-00C04F79EFBC}") = "Http2Server", "Http2Server\Http2Server.csproj", "{F2C34937-AE08-4634-8862-92CC97288716}"
EndProject
Global
	GlobalSection(SolutionConfigurationPlatforms) = preSolution
		Debug|Any CPU = Debug|Any CPU
		Release|Any CPU = Release|Any CPU
	EndGlobalSection
	GlobalSection(ProjectConfigurationPlatforms) = postSolution
		{F2C34937-AE08-4634-8862-92CC97288716}.Debug|Any CPU.ActiveCfg = Debug|Any CPU
		{F2C34937-AE08-4634-8862-92CC97288716}.Debug|Any CPU.Build.0 = Debug|Any CPU
		{F2C34937-AE08-4634-8862-92CC97288716}.Release|Any CPU.ActiveCfg = Release|Any CPU
		{F2C34937-AE08-4634-8862-92CC97288716}.Release|Any CPU.Build.0 = Release|Any CPU
	EndGlobalSection
	GlobalSection(SolutionProperties) = preSolution
		HideSolutionNode = FALSE
	EndGlobalSection
	GlobalSection(ExtensibilityGlobals) = postSolution
		SolutionGuid = {3E7F5DFE-8DDB-47A1-AE66-6322AB6FBB14}
	EndGlobalSection
EndGlobal
