
Microsoft Visual Studio Solution File, Format Version 12.00
# Visual Studio Version 16
VisualStudioVersion = 16.0.29613.14
MinimumVisualStudioVersion = 10.0.40219.1
Project("{FAE04EC0-301F-11D3-BF4B-00C04F79EFBC}") = "My", "My\My.csproj", "{68651283-E16E-4D3C-BC78-18A59A80E828}"
EndProject
Global
	GlobalSection(SolutionConfigurationPlatforms) = preSolution
		Debug|Any CPU = Debug|Any CPU
		Release|Any CPU = Release|Any CPU
	EndGlobalSection
	GlobalSection(ProjectConfigurationPlatforms) = postSolution
		{68651283-E16E-4D3C-BC78-18A59A80E828}.Debug|Any CPU.ActiveCfg = Debug|Any CPU
		{68651283-E16E-4D3C-BC78-18A59A80E828}.Debug|Any CPU.Build.0 = Debug|Any CPU
		{68651283-E16E-4D3C-BC78-18A59A80E828}.Release|Any CPU.ActiveCfg = Release|Any CPU
		{68651283-E16E-4D3C-BC78-18A59A80E828}.Release|Any CPU.Build.0 = Release|Any CPU
	EndGlobalSection
	GlobalSection(SolutionProperties) = preSolution
		HideSolutionNode = FALSE
	EndGlobalSection
	GlobalSection(ExtensibilityGlobals) = postSolution
		SolutionGuid = {D338CE05-15D0-4948-BDF9-C4A8F7846562}
	EndGlobalSection
EndGlobal
