
Microsoft Visual Studio Solution File, Format Version 12.00
# Visual Studio Version 16
VisualStudioVersion = 16.0.30104.148
MinimumVisualStudioVersion = 10.0.40219.1
Project("{9A19103F-16F7-4668-BE54-9A1E7A4F7556}") = "OpenTelemetrySample", "OpenTelemetrySample\OpenTelemetrySample.csproj", "{F874FB8E-CD98-438A-AEB0-8B2D5682B3B7}"
EndProject
Global
	GlobalSection(SolutionConfigurationPlatforms) = preSolution
		Debug|Any CPU = Debug|Any CPU
		Release|Any CPU = Release|Any CPU
	EndGlobalSection
	GlobalSection(ProjectConfigurationPlatforms) = postSolution
		{F874FB8E-CD98-438A-AEB0-8B2D5682B3B7}.Debug|Any CPU.ActiveCfg = Debug|Any CPU
		{F874FB8E-CD98-438A-AEB0-8B2D5682B3B7}.Debug|Any CPU.Build.0 = Debug|Any CPU
		{F874FB8E-CD98-438A-AEB0-8B2D5682B3B7}.Release|Any CPU.ActiveCfg = Release|Any CPU
		{F874FB8E-CD98-438A-AEB0-8B2D5682B3B7}.Release|Any CPU.Build.0 = Release|Any CPU
	EndGlobalSection
	GlobalSection(SolutionProperties) = preSolution
		HideSolutionNode = FALSE
	EndGlobalSection
	GlobalSection(ExtensibilityGlobals) = postSolution
		SolutionGuid = {68A679D4-DBAF-4F6C-A176-0271BE2D74C5}
	EndGlobalSection
EndGlobal
