
Microsoft Visual Studio Solution File, Format Version 12.00
# Visual Studio 15
VisualStudioVersion = 15.0.28010.2026
MinimumVisualStudioVersion = 10.0.40219.1
Project("{FAE04EC0-301F-11D3-BF4B-00C04F79EFBC}") = "SelectedTextSpeach", "SelectedTextSpeach\SelectedTextSpeach.csproj", "{3DD94165-57E4-4F3D-8E5D-C22AE4B2BD3E}"
EndProject
Global
	GlobalSection(SolutionConfigurationPlatforms) = preSolution
		Debug|ARM = Debug|ARM
		Debug|x64 = Debug|x64
		Debug|x86 = Debug|x86
		Release|ARM = Release|ARM
		Release|x64 = Release|x64
		Release|x86 = Release|x86
	EndGlobalSection
	GlobalSection(ProjectConfigurationPlatforms) = postSolution
		{3DD94165-57E4-4F3D-8E5D-C22AE4B2BD3E}.Debug|ARM.ActiveCfg = Debug|ARM
		{3DD94165-57E4-4F3D-8E5D-C22AE4B2BD3E}.Debug|ARM.Build.0 = Debug|ARM
		{3DD94165-57E4-4F3D-8E5D-C22AE4B2BD3E}.Debug|ARM.Deploy.0 = Debug|ARM
		{3DD94165-57E4-4F3D-8E5D-C22AE4B2BD3E}.Debug|x64.ActiveCfg = Debug|x64
		{3DD94165-57E4-4F3D-8E5D-C22AE4B2BD3E}.Debug|x64.Build.0 = Debug|x64
		{3DD94165-57E4-4F3D-8E5D-C22AE4B2BD3E}.Debug|x64.Deploy.0 = Debug|x64
		{3DD94165-57E4-4F3D-8E5D-C22AE4B2BD3E}.Debug|x86.ActiveCfg = Debug|x86
		{3DD94165-57E4-4F3D-8E5D-C22AE4B2BD3E}.Debug|x86.Build.0 = Debug|x86
		{3DD94165-57E4-4F3D-8E5D-C22AE4B2BD3E}.Debug|x86.Deploy.0 = Debug|x86
		{3DD94165-57E4-4F3D-8E5D-C22AE4B2BD3E}.Release|ARM.ActiveCfg = Release|ARM
		{3DD94165-57E4-4F3D-8E5D-C22AE4B2BD3E}.Release|ARM.Build.0 = Release|ARM
		{3DD94165-57E4-4F3D-8E5D-C22AE4B2BD3E}.Release|ARM.Deploy.0 = Release|ARM
		{3DD94165-57E4-4F3D-8E5D-C22AE4B2BD3E}.Release|x64.ActiveCfg = Release|x64
		{3DD94165-57E4-4F3D-8E5D-C22AE4B2BD3E}.Release|x64.Build.0 = Release|x64
		{3DD94165-57E4-4F3D-8E5D-C22AE4B2BD3E}.Release|x64.Deploy.0 = Release|x64
		{3DD94165-57E4-4F3D-8E5D-C22AE4B2BD3E}.Release|x86.ActiveCfg = Release|x86
		{3DD94165-57E4-4F3D-8E5D-C22AE4B2BD3E}.Release|x86.Build.0 = Release|x86
		{3DD94165-57E4-4F3D-8E5D-C22AE4B2BD3E}.Release|x86.Deploy.0 = Release|x86
	EndGlobalSection
	GlobalSection(SolutionProperties) = preSolution
		HideSolutionNode = FALSE
	EndGlobalSection
	GlobalSection(ExtensibilityGlobals) = postSolution
		SolutionGuid = {AC95C53F-5246-42DE-9E5F-47CAF57B9842}
	EndGlobalSection
EndGlobal
