
Microsoft Visual Studio Solution File, Format Version 12.00
# Visual Studio Version 16
VisualStudioVersion = 16.0.29318.209
MinimumVisualStudioVersion = 10.0.40219.1
Project("{FAE04EC0-301F-11D3-BF4B-00C04F79EFBC}") = "T4Simple", "T4Simple\T4Simple.csproj", "{3D8C7362-B712-4E27-97B4-E32E7F0F2683}"
EndProject
Global
	GlobalSection(SolutionConfigurationPlatforms) = preSolution
		Debug|Any CPU = Debug|Any CPU
		Release|Any CPU = Release|Any CPU
	EndGlobalSection
	GlobalSection(ProjectConfigurationPlatforms) = postSolution
		{3D8C7362-B712-4E27-97B4-E32E7F0F2683}.Debug|Any CPU.ActiveCfg = Debug|Any CPU
		{3D8C7362-B712-4E27-97B4-E32E7F0F2683}.Debug|Any CPU.Build.0 = Debug|Any CPU
		{3D8C7362-B712-4E27-97B4-E32E7F0F2683}.Release|Any CPU.ActiveCfg = Release|Any CPU
		{3D8C7362-B712-4E27-97B4-E32E7F0F2683}.Release|Any CPU.Build.0 = Release|Any CPU
	EndGlobalSection
	GlobalSection(SolutionProperties) = preSolution
		HideSolutionNode = FALSE
	EndGlobalSection
	GlobalSection(ExtensibilityGlobals) = postSolution
		SolutionGuid = {E4895ED2-B68A-4845-B3FA-2718963CAC1C}
	EndGlobalSection
EndGlobal
